{
  "requires": true,
  "lockfileVersion": 1,
  "dependencies": {
    "bulma": {
      "version": "0.7.5",
      "resolved": "https://registry.npmjs.org/bulma/-/bulma-0.7.5.tgz",
      "integrity": "sha512-cX98TIn0I6sKba/DhW0FBjtaDpxTelU166pf7ICXpCCuplHWyu6C9LYZmL5PEsnePIeJaiorsTEzzNk3Tsm1hw=="
    },
    "bulma-calendar": {
      "version": "6.0.7",
      "resolved": "https://registry.npmjs.org/bulma-calendar/-/bulma-calendar-6.0.7.tgz",
      "integrity": "sha512-hSb8Y8myovv0e0SIPLVPZGtaGIzL/6SkZM3JiK9OaqjcCZFtYYjBaYCpLstn93J95+46sf8KU9LHIxU4o+b1kg==",
      "requires": {
        "bulma": "^0.7.5",
        "date-and-time": "^0.6.3",
        "date-fns": "^1.29.0"
      }
    },
    "date-and-time": {
      "version": "0.6.3",
      "resolved": "https://registry.npmjs.org/date-and-time/-/date-and-time-0.6.3.tgz",
      "integrity": "sha512-lcWy3AXDRJOD7MplwZMmNSRM//kZtJaLz4n6D1P5z9wEmZGBKhJRBIr1Xs9KNQJmdXPblvgffynYji4iylUTcA=="
    },
    "date-fns": {
      "version": "1.30.1",
      "resolved": "https://registry.npmjs.org/date-fns/-/date-fns-1.30.1.tgz",
      "integrity": "sha512-hBSVCvSmWC+QypYObzwGOd9wqdDpOt+0wl0KbU+R+uuZBS1jN8VsD1ss3irQDknRj5NvxiTF6oj/nDRnN/UQNw=="
    }
  }
}
